{
  "version": 4,
  "terraform_version": "1.11.4",
  "serial": 86,
  "lineage": "a6e72d30-494b-8ed4-b376-7fc773353c2f",
  "outputs": {},
  "resources": [
    {
      "module": "module.add-item-to-list",
      "mode": "managed",
      "type": "aws_iam_policy",
      "name": "lambda_dynamodb_access_policy",
      "provider": "provider[\"registry.terraform.io/hashicorp/aws\"]",
      "instances": [
        {
          "schema_version": 0,
          "attributes": {
            "arn": "arn:aws:iam::561909996545:policy/add_item_to_list-dynamodb-policy",
            "attachment_count": 1,
            "description": "Permite que a Lambda acesse a tabela DynamoDB específica",
            "id": "arn:aws:iam::561909996545:policy/add_item_to_list-dynamodb-policy",
            "name": "add_item_to_list-dynamodb-policy",
            "name_prefix": "",
            "path": "/",
            "policy": "{\"Statement\":[{\"Action\":[\"dynamodb:GetItem\",\"dynamodb:PutItem\",\"dynamodb:UpdateItem\",\"dynamodb:DeleteItem\",\"dynamodb:Query\",\"dynamodb:Scan\",\"dynamodb:BatchGetItem\",\"dynamodb:BatchWriteItem\"],\"Effect\":\"Allow\",\"Resource\":\"arn:aws:dynamodb:us-east-1:561909996545:table/shopping-list\"},{\"Action\":[\"dynamodb:DescribeTable\"],\"Effect\":\"Allow\",\"Resource\":\"arn:aws:dynamodb:us-east-1:561909996545:table/shopping-list\"}],\"Version\":\"2012-10-17\"}",
            "policy_id": "ANPAYFVDSDQAY5VUTG6XB",
            "tags": {},
            "tags_all": {}
          },
          "sensitive_attributes": [],
          "private": "bnVsbA==",
          "dependencies": [
            "module.dynamodb-shopping-list.aws_dynamodb_table.shopping-list"
          ]
        }
      ]
    },
    {
      "module": "module.add-item-to-list",
      "mode": "managed",
      "type": "aws_iam_role",
      "name": "iam_role_for_lambda",
      "provider": "provider[\"registry.terraform.io/hashicorp/aws\"]",
      "instances": [
        {
          "schema_version": 0,
          "attributes": {
            "arn": "arn:aws:iam::561909996545:role/add_item_to_list_role",
            "assume_role_policy": "{\"Statement\":[{\"Action\":\"sts:AssumeRole\",\"Effect\":\"Allow\",\"Principal\":{\"Service\":\"lambda.amazonaws.com\"},\"Sid\":\"\"}],\"Version\":\"2012-10-17\"}",
            "create_date": "2025-05-12T12:15:36Z",
            "description": "",
            "force_detach_policies": false,
            "id": "add_item_to_list_role",
            "inline_policy": [],
            "managed_policy_arns": [
              "arn:aws:iam::561909996545:policy/add_item_to_list-dynamodb-policy"
            ],
            "max_session_duration": 3600,
            "name": "add_item_to_list_role",
            "name_prefix": "",
            "path": "/",
            "permissions_boundary": "",
            "tags": {},
            "tags_all": {},
            "unique_id": "AROAYFVDSDQA67WU7H26S"
          },
          "sensitive_attributes": [],
          "private": "bnVsbA=="
        }
      ]
    },
    {
      "module": "module.add-item-to-list",
      "mode": "managed",
      "type": "aws_iam_role_policy_attachment",
      "name": "lambda_dynamodb_attach",
      "provider": "provider[\"registry.terraform.io/hashicorp/aws\"]",
      "instances": [
        {
          "schema_version": 0,
          "attributes": {
            "id": "add_item_to_list_role-20250512121549380300000001",
            "policy_arn": "arn:aws:iam::561909996545:policy/add_item_to_list-dynamodb-policy",
            "role": "add_item_to_list_role"
          },
          "sensitive_attributes": [],
          "private": "bnVsbA==",
          "dependencies": [
            "module.add-item-to-list.aws_iam_policy.lambda_dynamodb_access_policy",
            "module.add-item-to-list.aws_iam_role.iam_role_for_lambda",
            "module.dynamodb-shopping-list.aws_dynamodb_table.shopping-list"
          ]
        }
      ]
    },
    {
      "module": "module.add-item-to-list",
      "mode": "managed",
      "type": "aws_lambda_function",
      "name": "hello_terraform",
      "provider": "provider[\"registry.terraform.io/hashicorp/aws\"]",
      "instances": [
        {
          "schema_version": 0,
          "attributes": {
            "architectures": [
              "x86_64"
            ],
            "arn": "arn:aws:lambda:us-east-1:561909996545:function:add_item_to_list",
            "code_sha256": "2vGHSAuBWRv4M4pKXPXVulGgc7fgnC6vmHGLjODVpDU=",
            "code_signing_config_arn": "",
            "dead_letter_config": [],
            "description": "",
            "environment": [],
            "ephemeral_storage": [
              {
                "size": 512
              }
            ],
            "file_system_config": [],
            "filename": "../../../lambda/shopping-list/add-item-to-list/target/add-item-to-list-1.0-SNAPSHOT.jar",
            "function_name": "add_item_to_list",
            "handler": "AddItemHandler::handleRequest",
            "id": "add_item_to_list",
            "image_config": [],
            "image_uri": "",
            "invoke_arn": "arn:aws:apigateway:us-east-1:lambda:path/2015-03-31/functions/arn:aws:lambda:us-east-1:561909996545:function:add_item_to_list/invocations",
            "kms_key_arn": "",
            "last_modified": "2025-05-12T12:15:49.660+0000",
            "layers": [],
            "logging_config": [
              {
                "application_log_level": "",
                "log_format": "Text",
                "log_group": "/aws/lambda/add_item_to_list",
                "system_log_level": ""
              }
            ],
            "memory_size": 128,
            "package_type": "Zip",
            "publish": false,
            "qualified_arn": "arn:aws:lambda:us-east-1:561909996545:function:add_item_to_list:$LATEST",
            "qualified_invoke_arn": "arn:aws:apigateway:us-east-1:lambda:path/2015-03-31/functions/arn:aws:lambda:us-east-1:561909996545:function:add_item_to_list:$LATEST/invocations",
            "replace_security_groups_on_destroy": null,
            "replacement_security_group_ids": null,
            "reserved_concurrent_executions": -1,
            "role": "arn:aws:iam::561909996545:role/add_item_to_list_role",
            "runtime": "java21",
            "s3_bucket": null,
            "s3_key": null,
            "s3_object_version": null,
            "signing_job_arn": "",
            "signing_profile_version_arn": "",
            "skip_destroy": false,
            "snap_start": [],
            "source_code_hash": "",
            "source_code_size": 26025835,
            "tags": {},
            "tags_all": {},
            "timeout": 15,
            "timeouts": null,
            "tracing_config": [
              {
                "mode": "PassThrough"
              }
            ],
            "version": "$LATEST",
            "vpc_config": []
          },
          "sensitive_attributes": [],
          "private": "eyJlMmJmYjczMC1lY2FhLTExZTYtOGY4OC0zNDM2M2JjN2M0YzAiOnsiY3JlYXRlIjo2MDAwMDAwMDAwMDAsImRlbGV0ZSI6NjAwMDAwMDAwMDAwLCJ1cGRhdGUiOjYwMDAwMDAwMDAwMH19",
          "dependencies": [
            "module.add-item-to-list.aws_iam_role.iam_role_for_lambda"
          ]
        }
      ]
    },
    {
      "module": "module.dynamodb-shopping-list",
      "mode": "managed",
      "type": "aws_dynamodb_table",
      "name": "shopping-list",
      "provider": "provider[\"registry.terraform.io/hashicorp/aws\"]",
      "instances": [
        {
          "schema_version": 1,
          "attributes": {
            "arn": "arn:aws:dynamodb:us-east-1:561909996545:table/shopping-list",
            "attribute": [
              {
                "name": "PK",
                "type": "S"
              },
              {
                "name": "SK",
                "type": "S"
              }
            ],
            "billing_mode": "PAY_PER_REQUEST",
            "deletion_protection_enabled": false,
            "global_secondary_index": [],
            "hash_key": "PK",
            "id": "shopping-list",
            "import_table": [],
            "local_secondary_index": [],
            "name": "shopping-list",
            "on_demand_throughput": [],
            "point_in_time_recovery": [
              {
                "enabled": false
              }
            ],
            "range_key": "SK",
            "read_capacity": 0,
            "replica": [],
            "restore_date_time": null,
            "restore_source_name": null,
            "restore_source_table_arn": null,
            "restore_to_latest_time": null,
            "server_side_encryption": [],
            "stream_arn": "",
            "stream_enabled": false,
            "stream_label": "",
            "stream_view_type": "",
            "table_class": "STANDARD",
            "tags": {},
            "tags_all": {},
            "timeouts": null,
            "ttl": [
              {
                "attribute_name": "",
                "enabled": false
              }
            ],
            "write_capacity": 0
          },
          "sensitive_attributes": [],
          "private": "eyJlMmJmYjczMC1lY2FhLTExZTYtOGY4OC0zNDM2M2JjN2M0YzAiOnsiY3JlYXRlIjoxODAwMDAwMDAwMDAwLCJkZWxldGUiOjYwMDAwMDAwMDAwMCwidXBkYXRlIjozNjAwMDAwMDAwMDAwfSwic2NoZW1hX3ZlcnNpb24iOiIxIn0="
        }
      ]
    },
    {
      "module": "module.hello-terraform",
      "mode": "managed",
      "type": "aws_iam_policy",
      "name": "lambda_dynamodb_access_policy",
      "provider": "provider[\"registry.terraform.io/hashicorp/aws\"]",
      "instances": [
        {
          "schema_version": 0,
          "attributes": {
            "arn": "arn:aws:iam::561909996545:policy/hello_terraform-dynamodb-policy",
            "attachment_count": 1,
            "description": "Permite que a Lambda acesse a tabela DynamoDB específica",
            "id": "arn:aws:iam::561909996545:policy/hello_terraform-dynamodb-policy",
            "name": "hello_terraform-dynamodb-policy",
            "name_prefix": "",
            "path": "/",
            "policy": "{\"Statement\":[{\"Action\":[\"dynamodb:GetItem\",\"dynamodb:PutItem\",\"dynamodb:UpdateItem\",\"dynamodb:DeleteItem\",\"dynamodb:Query\",\"dynamodb:Scan\",\"dynamodb:BatchGetItem\",\"dynamodb:BatchWriteItem\"],\"Effect\":\"Allow\",\"Resource\":\"arn:aws:dynamodb:us-east-1:561909996545:table/shopping-list\"},{\"Action\":[\"dynamodb:DescribeTable\"],\"Effect\":\"Allow\",\"Resource\":\"arn:aws:dynamodb:us-east-1:561909996545:table/shopping-list\"}],\"Version\":\"2012-10-17\"}",
            "policy_id": "ANPAYFVDSDQAUZTRCC54S",
            "tags": {},
            "tags_all": {}
          },
          "sensitive_attributes": [],
          "private": "bnVsbA==",
          "dependencies": [
            "module.dynamodb-shopping-list.aws_dynamodb_table.shopping-list"
          ]
        }
      ]
    },
    {
      "module": "module.hello-terraform",
      "mode": "managed",
      "type": "aws_iam_role",
      "name": "iam_role_for_lambda",
      "provider": "provider[\"registry.terraform.io/hashicorp/aws\"]",
      "instances": [
        {
          "schema_version": 0,
          "attributes": {
            "arn": "arn:aws:iam::561909996545:role/hello_role",
            "assume_role_policy": "{\"Statement\":[{\"Action\":\"sts:AssumeRole\",\"Effect\":\"Allow\",\"Principal\":{\"Service\":\"lambda.amazonaws.com\"},\"Sid\":\"\"}],\"Version\":\"2012-10-17\"}",
            "create_date": "2025-05-12T12:15:36Z",
            "description": "",
            "force_detach_policies": false,
            "id": "hello_role",
            "inline_policy": [],
            "managed_policy_arns": [
              "arn:aws:iam::561909996545:policy/hello_terraform-dynamodb-policy"
            ],
            "max_session_duration": 3600,
            "name": "hello_role",
            "name_prefix": "",
            "path": "/",
            "permissions_boundary": "",
            "tags": {},
            "tags_all": {},
            "unique_id": "AROAYFVDSDQAQBR4IRWH4"
          },
          "sensitive_attributes": [],
          "private": "bnVsbA=="
        }
      ]
    },
    {
      "module": "module.hello-terraform",
      "mode": "managed",
      "type": "aws_iam_role_policy_attachment",
      "name": "lambda_dynamodb_attach",
      "provider": "provider[\"registry.terraform.io/hashicorp/aws\"]",
      "instances": [
        {
          "schema_version": 0,
          "attributes": {
            "id": "hello_role-20250512121549412000000002",
            "policy_arn": "arn:aws:iam::561909996545:policy/hello_terraform-dynamodb-policy",
            "role": "hello_role"
          },
          "sensitive_attributes": [],
          "private": "bnVsbA==",
          "dependencies": [
            "module.dynamodb-shopping-list.aws_dynamodb_table.shopping-list",
            "module.hello-terraform.aws_iam_policy.lambda_dynamodb_access_policy",
            "module.hello-terraform.aws_iam_role.iam_role_for_lambda"
          ]
        }
      ]
    },
    {
      "module": "module.hello-terraform",
      "mode": "managed",
      "type": "aws_lambda_function",
      "name": "hello_terraform",
      "provider": "provider[\"registry.terraform.io/hashicorp/aws\"]",
      "instances": [
        {
          "schema_version": 0,
          "attributes": {
            "architectures": [
              "x86_64"
            ],
            "arn": "arn:aws:lambda:us-east-1:561909996545:function:hello_terraform",
            "code_sha256": "vAutvPxtWahygT/bJS9w4DIv9ZMkzV326rgmQKSzTrU=",
            "code_signing_config_arn": "",
            "dead_letter_config": [],
            "description": "",
            "environment": [],
            "ephemeral_storage": [
              {
                "size": 512
              }
            ],
            "file_system_config": [],
            "filename": "../../../lambda/hello-world/target/hello-world-1.0-SNAPSHOT.jar",
            "function_name": "hello_terraform",
            "handler": "com.estudo.HelloWorldHandler",
            "id": "hello_terraform",
            "image_config": [],
            "image_uri": "",
            "invoke_arn": "arn:aws:apigateway:us-east-1:lambda:path/2015-03-31/functions/arn:aws:lambda:us-east-1:561909996545:function:hello_terraform/invocations",
            "kms_key_arn": "",
            "last_modified": "2025-05-12T12:15:58.592+0000",
            "layers": [],
            "logging_config": [
              {
                "application_log_level": "",
                "log_format": "Text",
                "log_group": "/aws/lambda/hello_terraform",
                "system_log_level": ""
              }
            ],
            "memory_size": 128,
            "package_type": "Zip",
            "publish": false,
            "qualified_arn": "arn:aws:lambda:us-east-1:561909996545:function:hello_terraform:$LATEST",
            "qualified_invoke_arn": "arn:aws:apigateway:us-east-1:lambda:path/2015-03-31/functions/arn:aws:lambda:us-east-1:561909996545:function:hello_terraform:$LATEST/invocations",
            "replace_security_groups_on_destroy": null,
            "replacement_security_group_ids": null,
            "reserved_concurrent_executions": -1,
            "role": "arn:aws:iam::561909996545:role/hello_role",
            "runtime": "java21",
            "s3_bucket": null,
            "s3_key": null,
            "s3_object_version": null,
            "signing_job_arn": "",
            "signing_profile_version_arn": "",
            "skip_destroy": false,
            "snap_start": [],
            "source_code_hash": "",
            "source_code_size": 3162577,
            "tags": {},
            "tags_all": {},
            "timeout": 15,
            "timeouts": null,
            "tracing_config": [
              {
                "mode": "PassThrough"
              }
            ],
            "version": "$LATEST",
            "vpc_config": []
          },
          "sensitive_attributes": [],
          "private": "eyJlMmJmYjczMC1lY2FhLTExZTYtOGY4OC0zNDM2M2JjN2M0YzAiOnsiY3JlYXRlIjo2MDAwMDAwMDAwMDAsImRlbGV0ZSI6NjAwMDAwMDAwMDAwLCJ1cGRhdGUiOjYwMDAwMDAwMDAwMH19",
          "dependencies": [
            "module.hello-terraform.aws_iam_role.iam_role_for_lambda"
          ]
        }
      ]
    },
    {
      "module": "module.update-item",
      "mode": "data",
      "type": "archive_file",
      "name": "lambda_zip",
      "provider": "provider[\"registry.terraform.io/hashicorp/archive\"]",
      "instances": [
        {
          "schema_version": 0,
          "attributes": {
            "exclude_symlink_directories": null,
            "excludes": null,
            "id": "d3dd61e16711a3894d35d374b5c0ec1077f9d064",
            "output_base64sha256": "2AqbKh97mygP9Xa7Vsvx3vyax4KqnGQQQ4jhDYYNHK0=",
            "output_base64sha512": "R7R0l7IVVE5UEZH3MVofmjz2py5ZdUkvxlHGOEys12HbLwrObxMqzphG+Y0go/9k/+jzgeNCw7El0vlVlpL6vA==",
            "output_file_mode": null,
            "output_md5": "92d4b3830b0cb79829902311a077400a",
            "output_path": "../../modules/lambda_python/zip/update_item.zip",
            "output_sha": "d3dd61e16711a3894d35d374b5c0ec1077f9d064",
            "output_sha256": "d80a9b2a1f7b9b280ff576bb56cbf1defc9ac782aa9c64104388e10d860d1cad",
            "output_sha512": "47b47497b215544e541191f7315a1f9a3cf6a72e5975492fc651c6384cacd761db2f0ace6f132ace9846f98d20a3ff64ffe8f381e342c3b125d2f9559692fabc",
            "output_size": 1152,
            "source": [],
            "source_content": null,
            "source_content_filename": null,
            "source_dir": "../../../lambda/shopping-list/update-item",
            "source_file": null,
            "type": "zip"
          },
          "sensitive_attributes": []
        }
      ]
    },
    {
      "module": "module.update-item",
      "mode": "managed",
      "type": "aws_iam_policy",
      "name": "lambda_dynamodb_access_policy",
      "provider": "provider[\"registry.terraform.io/hashicorp/aws\"]",
      "instances": [
        {
          "schema_version": 0,
          "attributes": {
            "arn": "arn:aws:iam::561909996545:policy/update_item-dynamodb-policy",
            "attachment_count": 1,
            "description": "Permite que a Lambda acesse a tabela DynamoDB específica",
            "id": "arn:aws:iam::561909996545:policy/update_item-dynamodb-policy",
            "name": "update_item-dynamodb-policy",
            "name_prefix": "",
            "path": "/",
            "policy": "{\"Statement\":[{\"Action\":[\"dynamodb:GetItem\",\"dynamodb:PutItem\",\"dynamodb:UpdateItem\",\"dynamodb:DeleteItem\",\"dynamodb:Query\",\"dynamodb:Scan\",\"dynamodb:BatchGetItem\",\"dynamodb:BatchWriteItem\"],\"Effect\":\"Allow\",\"Resource\":\"arn:aws:dynamodb:us-east-1:561909996545:table/shopping-list\"},{\"Action\":[\"dynamodb:DescribeTable\"],\"Effect\":\"Allow\",\"Resource\":\"arn:aws:dynamodb:us-east-1:561909996545:table/shopping-list\"}],\"Version\":\"2012-10-17\"}",
            "policy_id": "ANPAYFVDSDQA7ST4FEYWG",
            "tags": {},
            "tags_all": {}
          },
          "sensitive_attributes": [],
          "private": "bnVsbA==",
          "dependencies": [
            "module.dynamodb-shopping-list.aws_dynamodb_table.shopping-list"
          ]
        }
      ]
    },
    {
      "module": "module.update-item",
      "mode": "managed",
      "type": "aws_iam_role",
      "name": "iam_role_for_lambda",
      "provider": "provider[\"registry.terraform.io/hashicorp/aws\"]",
      "instances": [
        {
          "schema_version": 0,
          "attributes": {
            "arn": "arn:aws:iam::561909996545:role/update_item-iam-role",
            "assume_role_policy": "{\"Statement\":[{\"Action\":\"sts:AssumeRole\",\"Effect\":\"Allow\",\"Principal\":{\"Service\":\"lambda.amazonaws.com\"},\"Sid\":\"\"}],\"Version\":\"2012-10-17\"}",
            "create_date": "2025-05-12T22:09:08Z",
            "description": "",
            "force_detach_policies": false,
            "id": "update_item-iam-role",
            "inline_policy": [],
            "managed_policy_arns": [
              "arn:aws:iam::561909996545:policy/update_item-dynamodb-policy"
            ],
            "max_session_duration": 3600,
            "name": "update_item-iam-role",
            "name_prefix": "",
            "path": "/",
            "permissions_boundary": "",
            "tags": {},
            "tags_all": {},
            "unique_id": "AROAYFVDSDQATBUS5DSS2"
          },
          "sensitive_attributes": [],
          "private": "bnVsbA=="
        }
      ]
    },
    {
      "module": "module.update-item",
      "mode": "managed",
      "type": "aws_iam_role_policy_attachment",
      "name": "lambda_dynamodb_attach",
      "provider": "provider[\"registry.terraform.io/hashicorp/aws\"]",
      "instances": [
        {
          "schema_version": 0,
          "attributes": {
            "id": "update_item-iam-role-20250512220910709900000001",
            "policy_arn": "arn:aws:iam::561909996545:policy/update_item-dynamodb-policy",
            "role": "update_item-iam-role"
          },
          "sensitive_attributes": [],
          "private": "bnVsbA==",
          "dependencies": [
            "module.dynamodb-shopping-list.aws_dynamodb_table.shopping-list",
            "module.update-item.aws_iam_policy.lambda_dynamodb_access_policy",
            "module.update-item.aws_iam_role.iam_role_for_lambda"
          ]
        }
      ]
    },
    {
      "module": "module.update-item",
      "mode": "managed",
      "type": "aws_lambda_function",
      "name": "lambda_py",
      "provider": "provider[\"registry.terraform.io/hashicorp/aws\"]",
      "instances": [
        {
          "schema_version": 0,
          "attributes": {
            "architectures": [
              "x86_64"
            ],
            "arn": "arn:aws:lambda:us-east-1:561909996545:function:update_item",
            "code_sha256": "2AqbKh97mygP9Xa7Vsvx3vyax4KqnGQQQ4jhDYYNHK0=",
            "code_signing_config_arn": "",
            "dead_letter_config": [],
            "description": "",
            "environment": [],
            "ephemeral_storage": [
              {
                "size": 512
              }
            ],
            "file_system_config": [],
            "filename": "../../modules/lambda_python/zip/update_item.zip",
            "function_name": "update_item",
            "handler": "updateItem.lambda_handler",
            "id": "update_item",
            "image_config": [],
            "image_uri": "",
            "invoke_arn": "arn:aws:apigateway:us-east-1:lambda:path/2015-03-31/functions/arn:aws:lambda:us-east-1:561909996545:function:update_item/invocations",
            "kms_key_arn": "",
            "last_modified": "2025-05-12T23:44:25.890+0000",
            "layers": null,
            "logging_config": [
              {
                "application_log_level": "",
                "log_format": "Text",
                "log_group": "/aws/lambda/update_item",
                "system_log_level": ""
              }
            ],
            "memory_size": 128,
            "package_type": "Zip",
            "publish": false,
            "qualified_arn": "arn:aws:lambda:us-east-1:561909996545:function:update_item:$LATEST",
            "qualified_invoke_arn": "arn:aws:apigateway:us-east-1:lambda:path/2015-03-31/functions/arn:aws:lambda:us-east-1:561909996545:function:update_item:$LATEST/invocations",
            "replace_security_groups_on_destroy": null,
            "replacement_security_group_ids": null,
            "reserved_concurrent_executions": -1,
            "role": "arn:aws:iam::561909996545:role/update_item-iam-role",
            "runtime": "python3.13",
            "s3_bucket": null,
            "s3_key": null,
            "s3_object_version": null,
            "signing_job_arn": "",
            "signing_profile_version_arn": "",
            "skip_destroy": false,
            "snap_start": [],
            "source_code_hash": "",
            "source_code_size": 1152,
            "tags": null,
            "tags_all": {},
            "timeout": 15,
            "timeouts": null,
            "tracing_config": [
              {
                "mode": "PassThrough"
              }
            ],
            "version": "$LATEST",
            "vpc_config": []
          },
          "sensitive_attributes": [],
          "private": "eyJlMmJmYjczMC1lY2FhLTExZTYtOGY4OC0zNDM2M2JjN2M0YzAiOnsiY3JlYXRlIjo2MDAwMDAwMDAwMDAsImRlbGV0ZSI6NjAwMDAwMDAwMDAwLCJ1cGRhdGUiOjYwMDAwMDAwMDAwMH19",
          "dependencies": [
            "module.update-item.aws_iam_role.iam_role_for_lambda",
            "module.update-item.data.archive_file.lambda_zip"
          ]
        }
      ]
    }
  ],
  "check_results": null
}
